// !$*UTF8*$!
{
	archiveVersion = 1;
	classes = {
	};
	objectVersion = 51;
	objects = {

/* Begin PBXBuildFile section */
		67276FAA24B2E50C0016B551 /* UploadTweetController.swift in Sources */ = {isa = PBXBuildFile; fileRef = 67276FA924B2E50C0016B551 /* UploadTweetController.swift */; };
		67276FAC24B34B320016B551 /* CaptionTextView.swift in Sources */ = {isa = PBXBuildFile; fileRef = 67276FAB24B34B320016B551 /* CaptionTextView.swift */; };
		67276FAE24B358820016B551 /* TweetService.swift in Sources */ = {isa = PBXBuildFile; fileRef = 67276FAD24B358820016B551 /* TweetService.swift */; };
		67276FB024B360770016B551 /* Tweet.swift in Sources */ = {isa = PBXBuildFile; fileRef = 67276FAF24B360770016B551 /* Tweet.swift */; };
		67276FB224B36B2A0016B551 /* TweetCell.swift in Sources */ = {isa = PBXBuildFile; fileRef = 67276FB124B36B2A0016B551 /* TweetCell.swift */; };
		67276FB424B4F2A30016B551 /* TweetViewModel.swift in Sources */ = {isa = PBXBuildFile; fileRef = 67276FB324B4F2A30016B551 /* TweetViewModel.swift */; };
		67276FB624B5E3790016B551 /* ProfileController.swift in Sources */ = {isa = PBXBuildFile; fileRef = 67276FB524B5E3790016B551 /* ProfileController.swift */; };
		67276FB824B619910016B551 /* ProfileHeader.swift in Sources */ = {isa = PBXBuildFile; fileRef = 67276FB724B619910016B551 /* ProfileHeader.swift */; };
		67276FBA24B7C0ED0016B551 /* ProfileFilterView.swift in Sources */ = {isa = PBXBuildFile; fileRef = 67276FB924B7C0ED0016B551 /* ProfileFilterView.swift */; };
		67276FBC24B948710016B551 /* ProfileFilterCell.swift in Sources */ = {isa = PBXBuildFile; fileRef = 67276FBB24B948710016B551 /* ProfileFilterCell.swift */; };
		67279D3424B206690052BE0E /* AuthenticationServices.framework in Frameworks */ = {isa = PBXBuildFile; fileRef = 67279D3324B206690052BE0E /* AuthenticationServices.framework */; };
		67279D3624B255840052BE0E /* UserService.swift in Sources */ = {isa = PBXBuildFile; fileRef = 67279D3524B255840052BE0E /* UserService.swift */; };
		67279D3824B25D520052BE0E /* User.swift in Sources */ = {isa = PBXBuildFile; fileRef = 67279D3724B25D520052BE0E /* User.swift */; };
		67279D3A24B273B10052BE0E /* GoogleService-Info.plist in Resources */ = {isa = PBXBuildFile; fileRef = 67279D3924B273B10052BE0E /* GoogleService-Info.plist */; };
		6765055324A8B90700D73B57 /* AppDelegate.swift in Sources */ = {isa = PBXBuildFile; fileRef = 6765055224A8B90700D73B57 /* AppDelegate.swift */; };
		6765055524A8B90700D73B57 /* SceneDelegate.swift in Sources */ = {isa = PBXBuildFile; fileRef = 6765055424A8B90700D73B57 /* SceneDelegate.swift */; };
		6765055A24A8B90700D73B57 /* Main.storyboard in Resources */ = {isa = PBXBuildFile; fileRef = 6765055824A8B90700D73B57 /* Main.storyboard */; };
		6765055C24A8B90900D73B57 /* Assets.xcassets in Resources */ = {isa = PBXBuildFile; fileRef = 6765055B24A8B90900D73B57 /* Assets.xcassets */; };
		6765055F24A8B90900D73B57 /* LaunchScreen.storyboard in Resources */ = {isa = PBXBuildFile; fileRef = 6765055D24A8B90900D73B57 /* LaunchScreen.storyboard */; };
		6765057024A8BAAD00D73B57 /* MainTabController.swift in Sources */ = {isa = PBXBuildFile; fileRef = 6765056F24A8BAAD00D73B57 /* MainTabController.swift */; };
		6765057224A8CD7F00D73B57 /* FeedController.swift in Sources */ = {isa = PBXBuildFile; fileRef = 6765057124A8CD7F00D73B57 /* FeedController.swift */; };
		6765057424A8CE2D00D73B57 /* ExploreController.swift in Sources */ = {isa = PBXBuildFile; fileRef = 6765057324A8CE2D00D73B57 /* ExploreController.swift */; };
		6765057624A8CE4B00D73B57 /* NotificationsController.swift in Sources */ = {isa = PBXBuildFile; fileRef = 6765057524A8CE4B00D73B57 /* NotificationsController.swift */; };
		6765057824A8CE5E00D73B57 /* ConversationsController.swift in Sources */ = {isa = PBXBuildFile; fileRef = 6765057724A8CE5E00D73B57 /* ConversationsController.swift */; };
		6765057A24A99B5500D73B57 /* Extensions.swift in Sources */ = {isa = PBXBuildFile; fileRef = 6765057924A99B5500D73B57 /* Extensions.swift */; };
		6765057D24AA268E00D73B57 /* LoginController.swift in Sources */ = {isa = PBXBuildFile; fileRef = 6765057C24AA268E00D73B57 /* LoginController.swift */; };
		6765057F24AA27B900D73B57 /* RegistrationController.swift in Sources */ = {isa = PBXBuildFile; fileRef = 6765057E24AA27B900D73B57 /* RegistrationController.swift */; };
		6765058124AA7CCD00D73B57 /* Utilities.swift in Sources */ = {isa = PBXBuildFile; fileRef = 6765058024AA7CCD00D73B57 /* Utilities.swift */; };
		677725D924B09CE400B45E15 /* Constants.swift in Sources */ = {isa = PBXBuildFile; fileRef = 677725D824B09CE400B45E15 /* Constants.swift */; };
		677725DB24B0ABE600B45E15 /* AuthService.swift in Sources */ = {isa = PBXBuildFile; fileRef = 677725DA24B0ABE600B45E15 /* AuthService.swift */; };
		67F4FD3B24B95DC60036F5D3 /* ProfileHeaderViewModel.swift in Sources */ = {isa = PBXBuildFile; fileRef = 67F4FD3A24B95DC60036F5D3 /* ProfileHeaderViewModel.swift */; };
		67F4FD3D24BA58B30036F5D3 /* UserCell.swift in Sources */ = {isa = PBXBuildFile; fileRef = 67F4FD3C24BA58B30036F5D3 /* UserCell.swift */; };
		D42C3CDA29FE3C0075AF9201 /* Pods_TwitterClone.framework in Frameworks */ = {isa = PBXBuildFile; fileRef = 10BEFF89FF04A6A324E2E583 /* Pods_TwitterClone.framework */; };
/* End PBXBuildFile section */

/* Begin PBXFileReference section */
		10BEFF89FF04A6A324E2E583 /* Pods_TwitterClone.framework */ = {isa = PBXFileReference; explicitFileType = wrapper.framework; includeInIndex = 0; path = Pods_TwitterClone.framework; sourceTree = BUILT_PRODUCTS_DIR; };
		67276FA924B2E50C0016B551 /* UploadTweetController.swift */ = {isa = PBXFileReference; lastKnownFileType = sourcecode.swift; path = UploadTweetController.swift; sourceTree = "<group>"; };
		67276FAB24B34B320016B551 /* CaptionTextView.swift */ = {isa = PBXFileReference; lastKnownFileType = sourcecode.swift; name = CaptionTextView.swift; path = TwitterClone/Controller/CaptionTextView.swift; sourceTree = SOURCE_ROOT; };
		67276FAD24B358820016B551 /* TweetService.swift */ = {isa = PBXFileReference; lastKnownFileType = sourcecode.swift; path = TweetService.swift; sourceTree = "<group>"; };
		67276FAF24B360770016B551 /* Tweet.swift */ = {isa = PBXFileReference; lastKnownFileType = sourcecode.swift; path = Tweet.swift; sourceTree = "<group>"; };
		67276FB124B36B2A0016B551 /* TweetCell.swift */ = {isa = PBXFileReference; lastKnownFileType = sourcecode.swift; path = TweetCell.swift; sourceTree = SOURCE_ROOT; };
		67276FB324B4F2A30016B551 /* TweetViewModel.swift */ = {isa = PBXFileReference; lastKnownFileType = sourcecode.swift; path = TweetViewModel.swift; sourceTree = SOURCE_ROOT; };
		67276FB524B5E3790016B551 /* ProfileController.swift */ = {isa = PBXFileReference; lastKnownFileType = sourcecode.swift; path = ProfileController.swift; sourceTree = "<group>"; };
		67276FB724B619910016B551 /* ProfileHeader.swift */ = {isa = PBXFileReference; lastKnownFileType = sourcecode.swift; name = ProfileHeader.swift; path = TwitterClone/Controller/ProfileHeader.swift; sourceTree = SOURCE_ROOT; };
		67276FB924B7C0ED0016B551 /* ProfileFilterView.swift */ = {isa = PBXFileReference; lastKnownFileType = sourcecode.swift; name = ProfileFilterView.swift; path = TwitterClone/Controller/ProfileFilterView.swift; sourceTree = SOURCE_ROOT; };
		67276FBB24B948710016B551 /* ProfileFilterCell.swift */ = {isa = PBXFileReference; lastKnownFileType = sourcecode.swift; name = ProfileFilterCell.swift; path = TwitterClone/Controller/ProfileFilterCell.swift; sourceTree = SOURCE_ROOT; };
		67279D3224B2064C0052BE0E /* TwitterClone.entitlements */ = {isa = PBXFileReference; lastKnownFileType = text.plist.entitlements; path = TwitterClone.entitlements; sourceTree = "<group>"; };
		67279D3324B206690052BE0E /* AuthenticationServices.framework */ = {isa = PBXFileReference; lastKnownFileType = wrapper.framework; name = AuthenticationServices.framework; path = System/Library/Frameworks/AuthenticationServices.framework; sourceTree = SDKROOT; };
		67279D3524B255840052BE0E /* UserService.swift */ = {isa = PBXFileReference; lastKnownFileType = sourcecode.swift; path = UserService.swift; sourceTree = "<group>"; };
		67279D3724B25D520052BE0E /* User.swift */ = {isa = PBXFileReference; lastKnownFileType = sourcecode.swift; path = User.swift; sourceTree = "<group>"; };
		67279D3924B273B10052BE0E /* GoogleService-Info.plist */ = {isa = PBXFileReference; lastKnownFileType = text.plist; path = "GoogleService-Info.plist"; sourceTree = SOURCE_ROOT; };
		6765054F24A8B90700D73B57 /* TwitterClone.app */ = {isa = PBXFileReference; explicitFileType = wrapper.application; includeInIndex = 0; path = TwitterClone.app; sourceTree = BUILT_PRODUCTS_DIR; };
		6765055224A8B90700D73B57 /* AppDelegate.swift */ = {isa = PBXFileReference; lastKnownFileType = sourcecode.swift; path = AppDelegate.swift; sourceTree = "<group>"; };
		6765055424A8B90700D73B57 /* SceneDelegate.swift */ = {isa = PBXFileReference; lastKnownFileType = sourcecode.swift; path = SceneDelegate.swift; sourceTree = "<group>"; };
		6765055924A8B90700D73B57 /* Base */ = {isa = PBXFileReference; lastKnownFileType = file.storyboard; name = Base; path = Base.lproj/Main.storyboard; sourceTree = "<group>"; };
		6765055B24A8B90900D73B57 /* Assets.xcassets */ = {isa = PBXFileReference; lastKnownFileType = folder.assetcatalog; path = Assets.xcassets; sourceTree = "<group>"; };
		6765055E24A8B90900D73B57 /* Base */ = {isa = PBXFileReference; lastKnownFileType = file.storyboard; name = Base; path = Base.lproj/LaunchScreen.storyboard; sourceTree = "<group>"; };
		6765056024A8B90900D73B57 /* Info.plist */ = {isa = PBXFileReference; lastKnownFileType = text.plist.xml; path = Info.plist; sourceTree = "<group>"; };
		6765056F24A8BAAD00D73B57 /* MainTabController.swift */ = {isa = PBXFileReference; lastKnownFileType = sourcecode.swift; path = MainTabController.swift; sourceTree = "<group>"; };
		6765057124A8CD7F00D73B57 /* FeedController.swift */ = {isa = PBXFileReference; lastKnownFileType = sourcecode.swift; path = FeedController.swift; sourceTree = "<group>"; };
		6765057324A8CE2D00D73B57 /* ExploreController.swift */ = {isa = PBXFileReference; lastKnownFileType = sourcecode.swift; path = ExploreController.swift; sourceTree = "<group>"; };
		6765057524A8CE4B00D73B57 /* NotificationsController.swift */ = {isa = PBXFileReference; lastKnownFileType = sourcecode.swift; path = NotificationsController.swift; sourceTree = "<group>"; };
		6765057724A8CE5E00D73B57 /* ConversationsController.swift */ = {isa = PBXFileReference; lastKnownFileType = sourcecode.swift; path = ConversationsController.swift; sourceTree = "<group>"; };
		6765057924A99B5500D73B57 /* Extensions.swift */ = {isa = PBXFileReference; lastKnownFileType = sourcecode.swift; path = Extensions.swift; sourceTree = "<group>"; };
		6765057C24AA268E00D73B57 /* LoginController.swift */ = {isa = PBXFileReference; lastKnownFileType = sourcecode.swift; path = LoginController.swift; sourceTree = "<group>"; };
		6765057E24AA27B900D73B57 /* RegistrationController.swift */ = {isa = PBXFileReference; lastKnownFileType = sourcecode.swift; path = RegistrationController.swift; sourceTree = "<group>"; };
		6765058024AA7CCD00D73B57 /* Utilities.swift */ = {isa = PBXFileReference; lastKnownFileType = sourcecode.swift; path = Utilities.swift; sourceTree = "<group>"; };
		677725D824B09CE400B45E15 /* Constants.swift */ = {isa = PBXFileReference; lastKnownFileType = sourcecode.swift; path = Constants.swift; sourceTree = "<group>"; };
		677725DA24B0ABE600B45E15 /* AuthService.swift */ = {isa = PBXFileReference; lastKnownFileType = sourcecode.swift; path = AuthService.swift; sourceTree = "<group>"; };
		67F4FD3A24B95DC60036F5D3 /* ProfileHeaderViewModel.swift */ = {isa = PBXFileReference; lastKnownFileType = sourcecode.swift; name = ProfileHeaderViewModel.swift; path = TwitterClone/Controller/ProfileHeaderViewModel.swift; sourceTree = SOURCE_ROOT; };
		67F4FD3C24BA58B30036F5D3 /* UserCell.swift */ = {isa = PBXFileReference; lastKnownFileType = sourcecode.swift; name = UserCell.swift; path = TwitterClone/Controller/UserCell.swift; sourceTree = SOURCE_ROOT; };
		B1EAE1E38BD8DE3945E17892 /* Pods-TwitterClone.debug.xcconfig */ = {isa = PBXFileReference; includeInIndex = 1; lastKnownFileType = text.xcconfig; name = "Pods-TwitterClone.debug.xcconfig"; path = "Target Support Files/Pods-TwitterClone/Pods-TwitterClone.debug.xcconfig"; sourceTree = "<group>"; };
		D2A4D726056EC4BE5F1C2B91 /* Pods-TwitterClone.release.xcconfig */ = {isa = PBXFileReference; includeInIndex = 1; lastKnownFileType = text.xcconfig; name = "Pods-TwitterClone.release.xcconfig"; path = "Target Support Files/Pods-TwitterClone/Pods-TwitterClone.release.xcconfig"; sourceTree = "<group>"; };
/* End PBXFileReference section */

/* Begin PBXFrameworksBuildPhase section */
		6765054C24A8B90700D73B57 /* Frameworks */ = {
			isa = PBXFrameworksBuildPhase;
			buildActionMask = 2147483647;
			files = (
				67279D3424B206690052BE0E /* AuthenticationServices.framework in Frameworks */,
				D42C3CDA29FE3C0075AF9201 /* Pods_TwitterClone.framework in Frameworks */,
			);
			runOnlyForDeploymentPostprocessing = 0;
		};
/* End PBXFrameworksBuildPhase section */

/* Begin PBXGroup section */
		3054A9E96AD37EE0527188FB /* Pods */ = {
			isa = PBXGroup;
			children = (
				B1EAE1E38BD8DE3945E17892 /* Pods-TwitterClone.debug.xcconfig */,
				D2A4D726056EC4BE5F1C2B91 /* Pods-TwitterClone.release.xcconfig */,
			);
			path = Pods;
			sourceTree = "<group>";
		};
		6765054624A8B90700D73B57 = {
			isa = PBXGroup;
			children = (
				6765055124A8B90700D73B57 /* TwitterClone */,
				6765055024A8B90700D73B57 /* Products */,
				3054A9E96AD37EE0527188FB /* Pods */,
				9F7991E595913097F375942D /* Frameworks */,
			);
			sourceTree = "<group>";
		};
		6765055024A8B90700D73B57 /* Products */ = {
			isa = PBXGroup;
			children = (
				6765054F24A8B90700D73B57 /* TwitterClone.app */,
			);
			name = Products;
			sourceTree = "<group>";
		};
		6765055124A8B90700D73B57 /* TwitterClone */ = {
			isa = PBXGroup;
			children = (
				67279D3224B2064C0052BE0E /* TwitterClone.entitlements */,
				6765056D24A8B9A000D73B57 /* Model */,
				6765056C24A8B99C00D73B57 /* View */,
				6765056B24A8B99800D73B57 /* ViewModel */,
				6765056A24A8B99300D73B57 /* Controller */,
				6765056824A8B97200D73B57 /* API */,
				6765056624A8B94F00D73B57 /* Utils */,
				6765055224A8B90700D73B57 /* AppDelegate.swift */,
				6765055424A8B90700D73B57 /* SceneDelegate.swift */,
				6765055824A8B90700D73B57 /* Main.storyboard */,
				6765055B24A8B90900D73B57 /* Assets.xcassets */,
				6765055D24A8B90900D73B57 /* LaunchScreen.storyboard */,
				67279D3924B273B10052BE0E /* GoogleService-Info.plist */,
				6765056024A8B90900D73B57 /* Info.plist */,
			);
			path = TwitterClone;
			sourceTree = "<group>";
		};
		6765056624A8B94F00D73B57 /* Utils */ = {
			isa = PBXGroup;
			children = (
				6765057924A99B5500D73B57 /* Extensions.swift */,
				6765058024AA7CCD00D73B57 /* Utilities.swift */,
				677725D824B09CE400B45E15 /* Constants.swift */,
			);
			path = Utils;
			sourceTree = "<group>";
		};
		6765056824A8B97200D73B57 /* API */ = {
			isa = PBXGroup;
			children = (
				677725DA24B0ABE600B45E15 /* AuthService.swift */,
				67279D3524B255840052BE0E /* UserService.swift */,
				67276FAD24B358820016B551 /* TweetService.swift */,
			);
			path = API;
			sourceTree = "<group>";
		};
		6765056A24A8B99300D73B57 /* Controller */ = {
			isa = PBXGroup;
			children = (
				6765057B24AA265B00D73B57 /* Authentication */,
				6765056F24A8BAAD00D73B57 /* MainTabController.swift */,
				6765057124A8CD7F00D73B57 /* FeedController.swift */,
				6765057324A8CE2D00D73B57 /* ExploreController.swift */,
				6765057524A8CE4B00D73B57 /* NotificationsController.swift */,
				6765057724A8CE5E00D73B57 /* ConversationsController.swift */,
				67276FA924B2E50C0016B551 /* UploadTweetController.swift */,
				67276FB524B5E3790016B551 /* ProfileController.swift */,
			);
			path = Controller;
			sourceTree = "<group>";
		};
		6765056B24A8B99800D73B57 /* ViewModel */ = {
			isa = PBXGroup;
			children = (
				67276FB324B4F2A30016B551 /* TweetViewModel.swift */,
				67F4FD3A24B95DC60036F5D3 /* ProfileHeaderViewModel.swift */,
			);
			path = ViewModel;
			sourceTree = "<group>";
		};
		6765056C24A8B99C00D73B57 /* View */ = {
			isa = PBXGroup;
			children = (
				67276FAB24B34B320016B551 /* CaptionTextView.swift */,
				67276FB124B36B2A0016B551 /* TweetCell.swift */,
				67276FB724B619910016B551 /* ProfileHeader.swift */,
				67276FB924B7C0ED0016B551 /* ProfileFilterView.swift */,
				67276FBB24B948710016B551 /* ProfileFilterCell.swift */,
				67F4FD3C24BA58B30036F5D3 /* UserCell.swift */,
			);
			path = View;
			sourceTree = "<group>";
		};
		6765056D24A8B9A000D73B57 /* Model */ = {
			isa = PBXGroup;
			children = (
				67279D3724B25D520052BE0E /* User.swift */,
				67276FAF24B360770016B551 /* Tweet.swift */,
			);
			path = Model;
			sourceTree = "<group>";
		};
		6765057B24AA265B00D73B57 /* Authentication */ = {
			isa = PBXGroup;
			children = (
				6765057C24AA268E00D73B57 /* LoginController.swift */,
				6765057E24AA27B900D73B57 /* RegistrationController.swift */,
			);
			path = Authentication;
			sourceTree = "<group>";
		};
		9F7991E595913097F375942D /* Frameworks */ = {
			isa = PBXGroup;
			children = (
				67279D3324B206690052BE0E /* AuthenticationServices.framework */,
				10BEFF89FF04A6A324E2E583 /* Pods_TwitterClone.framework */,
			);
			name = Frameworks;
			sourceTree = "<group>";
		};
/* End PBXGroup section */

/* Begin PBXNativeTarget section */
		6765054E24A8B90700D73B57 /* TwitterClone */ = {
			isa = PBXNativeTarget;
			buildConfigurationList = 6765056324A8B90900D73B57 /* Build configuration list for PBXNativeTarget "TwitterClone" */;
			buildPhases = (
				2B56EFCDCFD53C0A3DF5C551 /* [CP] Check Pods Manifest.lock */,
				6765054B24A8B90700D73B57 /* Sources */,
				6765054C24A8B90700D73B57 /* Frameworks */,
				6765054D24A8B90700D73B57 /* Resources */,
				4AD9860254477595A0B4B1BC /* [CP] Embed Pods Frameworks */,
			);
			buildRules = (
			);
			dependencies = (
			);
			name = TwitterClone;
			productName = TwitterClone;
			productReference = 6765054F24A8B90700D73B57 /* TwitterClone.app */;
			productType = "com.apple.product-type.application";
		};
/* End PBXNativeTarget section */

/* Begin PBXProject section */
		6765054724A8B90700D73B57 /* Project object */ = {
			isa = PBXProject;
			attributes = {
				LastSwiftUpdateCheck = 1150;
				LastUpgradeCheck = 1150;
				ORGANIZATIONNAME = "Taylor Patterson";
				TargetAttributes = {
					6765054E24A8B90700D73B57 = {
						CreatedOnToolsVersion = 11.5;
					};
				};
			};
			buildConfigurationList = 6765054A24A8B90700D73B57 /* Build configuration list for PBXProject "TwitterClone" */;
			compatibilityVersion = "Xcode 9.3";
			developmentRegion = en;
			hasScannedForEncodings = 0;
			knownRegions = (
				en,
				Base,
			);
			mainGroup = 6765054624A8B90700D73B57;
			productRefGroup = 6765055024A8B90700D73B57 /* Products */;
			projectDirPath = "";
			projectRoot = "";
			targets = (
				6765054E24A8B90700D73B57 /* TwitterClone */,
			);
		};
/* End PBXProject section */

/* Begin PBXResourcesBuildPhase section */
		6765054D24A8B90700D73B57 /* Resources */ = {
			isa = PBXResourcesBuildPhase;
			buildActionMask = 2147483647;
			files = (
				6765055F24A8B90900D73B57 /* LaunchScreen.storyboard in Resources */,
				67279D3A24B273B10052BE0E /* GoogleService-Info.plist in Resources */,
				6765055C24A8B90900D73B57 /* Assets.xcassets in Resources */,
				6765055A24A8B90700D73B57 /* Main.storyboard in Resources */,
			);
			runOnlyForDeploymentPostprocessing = 0;
		};
/* End PBXResourcesBuildPhase section */

/* Begin PBXShellScriptBuildPhase section */
		2B56EFCDCFD53C0A3DF5C551 /* [CP] Check Pods Manifest.lock */ = {
			isa = PBXShellScriptBuildPhase;
			buildActionMask = 2147483647;
			files = (
			);
			inputFileListPaths = (
			);
			inputPaths = (
				"${PODS_PODFILE_DIR_PATH}/Podfile.lock",
				"${PODS_ROOT}/Manifest.lock",
			);
			name = "[CP] Check Pods Manifest.lock";
			outputFileListPaths = (
			);
			outputPaths = (
				"$(DERIVED_FILE_DIR)/Pods-TwitterClone-checkManifestLockResult.txt",
			);
			runOnlyForDeploymentPostprocessing = 0;
			shellPath = /bin/sh;
			shellScript = "diff \"${PODS_PODFILE_DIR_PATH}/Podfile.lock\" \"${PODS_ROOT}/Manifest.lock\" > /dev/null\nif [ $? != 0 ] ; then\n    # print error to STDERR\n    echo \"error: The sandbox is not in sync with the Podfile.lock. Run 'pod install' or update your CocoaPods installation.\" >&2\n    exit 1\nfi\n# This output is used by Xcode 'outputs' to avoid re-running this script phase.\necho \"SUCCESS\" > \"${SCRIPT_OUTPUT_FILE_0}\"\n";
			showEnvVarsInLog = 0;
		};
		4AD9860254477595A0B4B1BC /* [CP] Embed Pods Frameworks */ = {
			isa = PBXShellScriptBuildPhase;
			buildActionMask = 2147483647;
			files = (
			);
			inputFileListPaths = (
				"${PODS_ROOT}/Target Support Files/Pods-TwitterClone/Pods-TwitterClone-frameworks-${CONFIGURATION}-input-files.xcfilelist",
			);
			name = "[CP] Embed Pods Frameworks";
			outputFileListPaths = (
				"${PODS_ROOT}/Target Support Files/Pods-TwitterClone/Pods-TwitterClone-frameworks-${CONFIGURATION}-output-files.xcfilelist",
			);
			runOnlyForDeploymentPostprocessing = 0;
			shellPath = /bin/sh;
			shellScript = "\"${PODS_ROOT}/Target Support Files/Pods-TwitterClone/Pods-TwitterClone-frameworks.sh\"\n";
			showEnvVarsInLog = 0;
		};
/* End PBXShellScriptBuildPhase section */

/* Begin PBXSourcesBuildPhase section */
		6765054B24A8B90700D73B57 /* Sources */ = {
			isa = PBXSourcesBuildPhase;
			buildActionMask = 2147483647;
			files = (
				67279D3624B255840052BE0E /* UserService.swift in Sources */,
				6765057624A8CE4B00D73B57 /* NotificationsController.swift in Sources */,
				67276FAC24B34B320016B551 /* CaptionTextView.swift in Sources */,
				67276FBC24B948710016B551 /* ProfileFilterCell.swift in Sources */,
				6765057824A8CE5E00D73B57 /* ConversationsController.swift in Sources */,
				67F4FD3D24BA58B30036F5D3 /* UserCell.swift in Sources */,
				6765058124AA7CCD00D73B57 /* Utilities.swift in Sources */,
				6765055324A8B90700D73B57 /* AppDelegate.swift in Sources */,
				6765057A24A99B5500D73B57 /* Extensions.swift in Sources */,
				67276FB624B5E3790016B551 /* ProfileController.swift in Sources */,
				67276FB824B619910016B551 /* ProfileHeader.swift in Sources */,
				67276FB224B36B2A0016B551 /* TweetCell.swift in Sources */,
				6765057D24AA268E00D73B57 /* LoginController.swift in Sources */,
				677725DB24B0ABE600B45E15 /* AuthService.swift in Sources */,
				67F4FD3B24B95DC60036F5D3 /* ProfileHeaderViewModel.swift in Sources */,
				67276FAA24B2E50C0016B551 /* UploadTweetController.swift in Sources */,
				67279D3824B25D520052BE0E /* User.swift in Sources */,
				6765057424A8CE2D00D73B57 /* ExploreController.swift in Sources */,
				6765055524A8B90700D73B57 /* SceneDelegate.swift in Sources */,
				6765057024A8BAAD00D73B57 /* MainTabController.swift in Sources */,
				67276FB424B4F2A30016B551 /* TweetViewModel.swift in Sources */,
				6765057F24AA27B900D73B57 /* RegistrationController.swift in Sources */,
				6765057224A8CD7F00D73B57 /* FeedController.swift in Sources */,
				67276FBA24B7C0ED0016B551 /* ProfileFilterView.swift in Sources */,
				677725D924B09CE400B45E15 /* Constants.swift in Sources */,
				67276FB024B360770016B551 /* Tweet.swift in Sources */,
				67276FAE24B358820016B551 /* TweetService.swift in Sources */,
			);
			runOnlyForDeploymentPostprocessing = 0;
		};
/* End PBXSourcesBuildPhase section */

/* Begin PBXVariantGroup section */
		6765055824A8B90700D73B57 /* Main.storyboard */ = {
			isa = PBXVariantGroup;
			children = (
				6765055924A8B90700D73B57 /* Base */,
			);
			name = Main.storyboard;
			sourceTree = "<group>";
		};
		6765055D24A8B90900D73B57 /* LaunchScreen.storyboard */ = {
			isa = PBXVariantGroup;
			children = (
				6765055E24A8B90900D73B57 /* Base */,
			);
			name = LaunchScreen.storyboard;
			sourceTree = "<group>";
		};
/* End PBXVariantGroup section */

/* Begin XCBuildConfiguration section */
		6765056124A8B90900D73B57 /* Debug */ = {
			isa = XCBuildConfiguration;
			buildSettings = {
				ALWAYS_SEARCH_USER_PATHS = NO;
				CLANG_ANALYZER_NONNULL = YES;
				CLANG_ANALYZER_NUMBER_OBJECT_CONVERSION = YES_AGGRESSIVE;
				CLANG_CXX_LANGUAGE_STANDARD = "gnu++14";
				CLANG_CXX_LIBRARY = "libc++";
				CLANG_ENABLE_MODULES = YES;
				CLANG_ENABLE_OBJC_ARC = YES;
				CLANG_ENABLE_OBJC_WEAK = YES;
				CLANG_WARN_BLOCK_CAPTURE_AUTORELEASING = YES;
				CLANG_WARN_BOOL_CONVERSION = YES;
				CLANG_WARN_COMMA = YES;
				CLANG_WARN_CONSTANT_CONVERSION = YES;
				CLANG_WARN_DEPRECATED_OBJC_IMPLEMENTATIONS = YES;
				CLANG_WARN_DIRECT_OBJC_ISA_USAGE = YES_ERROR;
				CLANG_WARN_DOCUMENTATION_COMMENTS = YES;
				CLANG_WARN_EMPTY_BODY = YES;
				CLANG_WARN_ENUM_CONVERSION = YES;
				CLANG_WARN_INFINITE_RECURSION = YES;
				CLANG_WARN_INT_CONVERSION = YES;
				CLANG_WARN_NON_LITERAL_NULL_CONVERSION = YES;
				CLANG_WARN_OBJC_IMPLICIT_RETAIN_SELF = YES;
				CLANG_WARN_OBJC_LITERAL_CONVERSION = YES;
				CLANG_WARN_OBJC_ROOT_CLASS = YES_ERROR;
				CLANG_WARN_RANGE_LOOP_ANALYSIS = YES;
				CLANG_WARN_STRICT_PROTOTYPES = YES;
				CLANG_WARN_SUSPICIOUS_MOVE = YES;
				CLANG_WARN_UNGUARDED_AVAILABILITY = YES_AGGRESSIVE;
				CLANG_WARN_UNREACHABLE_CODE = YES;
				CLANG_WARN__DUPLICATE_METHOD_MATCH = YES;
				COPY_PHASE_STRIP = NO;
				DEBUG_INFORMATION_FORMAT = dwarf;
				ENABLE_STRICT_OBJC_MSGSEND = YES;
				ENABLE_TESTABILITY = YES;
				GCC_C_LANGUAGE_STANDARD = gnu11;
				GCC_DYNAMIC_NO_PIC = NO;
				GCC_NO_COMMON_BLOCKS = YES;
				GCC_OPTIMIZATION_LEVEL = 0;
				GCC_PREPROCESSOR_DEFINITIONS = (
					"DEBUG=1",
					"$(inherited)",
				);
				GCC_WARN_64_TO_32_BIT_CONVERSION = YES;
				GCC_WARN_ABOUT_RETURN_TYPE = YES_ERROR;
				GCC_WARN_UNDECLARED_SELECTOR = YES;
				GCC_WARN_UNINITIALIZED_AUTOS = YES_AGGRESSIVE;
				GCC_WARN_UNUSED_FUNCTION = YES;
				GCC_WARN_UNUSED_VARIABLE = YES;
				IPHONEOS_DEPLOYMENT_TARGET = 13.5;
				MTL_ENABLE_DEBUG_INFO = INCLUDE_SOURCE;
				MTL_FAST_MATH = YES;
				ONLY_ACTIVE_ARCH = YES;
				SDKROOT = iphoneos;
				SWIFT_ACTIVE_COMPILATION_CONDITIONS = DEBUG;
				SWIFT_OPTIMIZATION_LEVEL = "-Onone";
			};
			name = Debug;
		};
		6765056224A8B90900D73B57 /* Release */ = {
			isa = XCBuildConfiguration;
			buildSettings = {
				ALWAYS_SEARCH_USER_PATHS = NO;
				CLANG_ANALYZER_NONNULL = YES;
				CLANG_ANALYZER_NUMBER_OBJECT_CONVERSION = YES_AGGRESSIVE;
				CLANG_CXX_LANGUAGE_STANDARD = "gnu++14";
				CLANG_CXX_LIBRARY = "libc++";
				CLANG_ENABLE_MODULES = YES;
				CLANG_ENABLE_OBJC_ARC = YES;
				CLANG_ENABLE_OBJC_WEAK = YES;
				CLANG_WARN_BLOCK_CAPTURE_AUTORELEASING = YES;
				CLANG_WARN_BOOL_CONVERSION = YES;
				CLANG_WARN_COMMA = YES;
				CLANG_WARN_CONSTANT_CONVERSION = YES;
				CLANG_WARN_DEPRECATED_OBJC_IMPLEMENTATIONS = YES;
				CLANG_WARN_DIRECT_OBJC_ISA_USAGE = YES_ERROR;
				CLANG_WARN_DOCUMENTATION_COMMENTS = YES;
				CLANG_WARN_EMPTY_BODY = YES;
				CLANG_WARN_ENUM_CONVERSION = YES;
				CLANG_WARN_INFINITE_RECURSION = YES;
				CLANG_WARN_INT_CONVERSION = YES;
				CLANG_WARN_NON_LITERAL_NULL_CONVERSION = YES;
				CLANG_WARN_OBJC_IMPLICIT_RETAIN_SELF = YES;
				CLANG_WARN_OBJC_LITERAL_CONVERSION = YES;
				CLANG_WARN_OBJC_ROOT_CLASS = YES_ERROR;
				CLANG_WARN_RANGE_LOOP_ANALYSIS = YES;
				CLANG_WARN_STRICT_PROTOTYPES = YES;
				CLANG_WARN_SUSPICIOUS_MOVE = YES;
				CLANG_WARN_UNGUARDED_AVAILABILITY = YES_AGGRESSIVE;
				CLANG_WARN_UNREACHABLE_CODE = YES;
				CLANG_WARN__DUPLICATE_METHOD_MATCH = YES;
				COPY_PHASE_STRIP = NO;
				DEBUG_INFORMATION_FORMAT = "dwarf-with-dsym";
				ENABLE_NS_ASSERTIONS = NO;
				ENABLE_STRICT_OBJC_MSGSEND = YES;
				GCC_C_LANGUAGE_STANDARD = gnu11;
				GCC_NO_COMMON_BLOCKS = YES;
				GCC_WARN_64_TO_32_BIT_CONVERSION = YES;
				GCC_WARN_ABOUT_RETURN_TYPE = YES_ERROR;
				GCC_WARN_UNDECLARED_SELECTOR = YES;
				GCC_WARN_UNINITIALIZED_AUTOS = YES_AGGRESSIVE;
				GCC_WARN_UNUSED_FUNCTION = YES;
				GCC_WARN_UNUSED_VARIABLE = YES;
				IPHONEOS_DEPLOYMENT_TARGET = 13.5;
				MTL_ENABLE_DEBUG_INFO = NO;
				MTL_FAST_MATH = YES;
				SDKROOT = iphoneos;
				SWIFT_COMPILATION_MODE = wholemodule;
				SWIFT_OPTIMIZATION_LEVEL = "-O";
				VALIDATE_PRODUCT = YES;
			};
			name = Release;
		};
		6765056424A8B90900D73B57 /* Debug */ = {
			isa = XCBuildConfiguration;
			baseConfigurationReference = B1EAE1E38BD8DE3945E17892 /* Pods-TwitterClone.debug.xcconfig */;
			buildSettings = {
				ASSETCATALOG_COMPILER_APPICON_NAME = AppIcon;
				CODE_SIGN_ENTITLEMENTS = TwitterClone/TwitterClone.entitlements;
				CODE_SIGN_STYLE = Automatic;
				DEVELOPMENT_TEAM = D73DG79L79;
				INFOPLIST_FILE = TwitterClone/Info.plist;
				LD_RUNPATH_SEARCH_PATHS = (
					"$(inherited)",
					"@executable_path/Frameworks",
				);
				PRODUCT_BUNDLE_IDENTIFIER = dev.taylorpatterson.TwitterClone;
				PRODUCT_NAME = "$(TARGET_NAME)";
				SWIFT_VERSION = 5.0;
				TARGETED_DEVICE_FAMILY = "1,2";
			};
			name = Debug;
		};
		6765056524A8B90900D73B57 /* Release */ = {
			isa = XCBuildConfiguration;
			baseConfigurationReference = D2A4D726056EC4BE5F1C2B91 /* Pods-TwitterClone.release.xcconfig */;
			buildSettings = {
				ASSETCATALOG_COMPILER_APPICON_NAME = AppIcon;
				CODE_SIGN_ENTITLEMENTS = TwitterClone/TwitterClone.entitlements;
				CODE_SIGN_STYLE = Automatic;
				DEVELOPMENT_TEAM = D73DG79L79;
				INFOPLIST_FILE = TwitterClone/Info.plist;
				LD_RUNPATH_SEARCH_PATHS = (
					"$(inherited)",
					"@executable_path/Frameworks",
				);
				PRODUCT_BUNDLE_IDENTIFIER = dev.taylorpatterson.TwitterClone;
				PRODUCT_NAME = "$(TARGET_NAME)";
				SWIFT_VERSION = 5.0;
				TARGETED_DEVICE_FAMILY = "1,2";
			};
			name = Release;
		};
/* End XCBuildConfiguration section */

/* Begin XCConfigurationList section */
		6765054A24A8B90700D73B57 /* Build configuration list for PBXProject "TwitterClone" */ = {
			isa = XCConfigurationList;
			buildConfigurations = (
				6765056124A8B90900D73B57 /* Debug */,
				6765056224A8B90900D73B57 /* Release */,
			);
			defaultConfigurationIsVisible = 0;
			defaultConfigurationName = Release;
		};
		6765056324A8B90900D73B57 /* Build configuration list for PBXNativeTarget "TwitterClone" */ = {
			isa = XCConfigurationList;
			buildConfigurations = (
				6765056424A8B90900D73B57 /* Debug */,
				6765056524A8B90900D73B57 /* Release */,
			);
			defaultConfigurationIsVisible = 0;
			defaultConfigurationName = Release;
		};
/* End XCConfigurationList section */
	};
	rootObject = 6765054724A8B90700D73B57 /* Project object */;
}
